// !$*UTF8*$!
{
	archiveVersion = 1;
	classes = {
	};
	objectVersion = 56;
	objects = {

/* Begin PBXBuildFile section */
		960120892CB0530F00E1C4F2 /* CommentView.swift in Sources */ = {isa = PBXBuildFile; fileRef = 960120882CB0530F00E1C4F2 /* CommentView.swift */; };
		960526EE2C9784E4003B2A74 /* User.swift in Sources */ = {isa = PBXBuildFile; fileRef = 960526ED2C9784E4003B2A74 /* User.swift */; };
		960526F02C9787AA003B2A74 /* LoginViewModel.swift in Sources */ = {isa = PBXBuildFile; fileRef = 960526EF2C9787AA003B2A74 /* LoginViewModel.swift */; };
		960BBA242C9D468F001000C5 /* Kingfisher in Frameworks */ = {isa = PBXBuildFile; productRef = 960BBA232C9D468F001000C5 /* Kingfisher */; };
		9611158C2C92A0740074EF91 /* InstagramTextFieldModifier.swift in Sources */ = {isa = PBXBuildFile; fileRef = 9611158B2C92A0740074EF91 /* InstagramTextFieldModifier.swift */; };
		9611158F2C92AD540074EF91 /* SignupBackgroundView.swift in Sources */ = {isa = PBXBuildFile; fileRef = 9611158E2C92AD540074EF91 /* SignupBackgroundView.swift */; };
		962B0CFA2CA2711900D10585 /* FeedCellViewModel.swift in Sources */ = {isa = PBXBuildFile; fileRef = 962B0CF92CA2711900D10585 /* FeedCellViewModel.swift */; };
		9630D6342CAC4E05002EDEB7 /* PostManager.swift in Sources */ = {isa = PBXBuildFile; fileRef = 9630D6332CAC4E05002EDEB7 /* PostManager.swift */; };
		963A86472C8B87EC00FD687D /* GoogleService-Info.plist in Resources */ = {isa = PBXBuildFile; fileRef = 963A86462C8B87EC00FD687D /* GoogleService-Info.plist */; };
		963A864A2C8B932600FD687D /* FirebaseAuth in Frameworks */ = {isa = PBXBuildFile; productRef = 963A86492C8B932600FD687D /* FirebaseAuth */; };
		963A864C2C8B932600FD687D /* FirebaseFirestore in Frameworks */ = {isa = PBXBuildFile; productRef = 963A864B2C8B932600FD687D /* FirebaseFirestore */; };
		963A864E2C8B932600FD687D /* FirebaseStorage in Frameworks */ = {isa = PBXBuildFile; productRef = 963A864D2C8B932600FD687D /* FirebaseStorage */; };
		963A86512C8BA37900FD687D /* NewPostViewModel.swift in Sources */ = {isa = PBXBuildFile; fileRef = 963A86502C8BA37900FD687D /* NewPostViewModel.swift */; };
		9653C1692C83856000445EFF /* instagramCloneApp.swift in Sources */ = {isa = PBXBuildFile; fileRef = 9653C1682C83856000445EFF /* instagramCloneApp.swift */; };
		9653C16B2C83856000445EFF /* ContentView.swift in Sources */ = {isa = PBXBuildFile; fileRef = 9653C16A2C83856000445EFF /* ContentView.swift */; };
		9653C16D2C83856100445EFF /* Assets.xcassets in Resources */ = {isa = PBXBuildFile; fileRef = 9653C16C2C83856100445EFF /* Assets.xcassets */; };
		9653C1702C83856100445EFF /* Preview Assets.xcassets in Resources */ = {isa = PBXBuildFile; fileRef = 9653C16F2C83856100445EFF /* Preview Assets.xcassets */; };
		9653C1792C8386A700445EFF /* MainTabView.swift in Sources */ = {isa = PBXBuildFile; fileRef = 9653C1782C8386A700445EFF /* MainTabView.swift */; };
		96554F0C2C93571D00DBA4F8 /* BlueButtonView.swift in Sources */ = {isa = PBXBuildFile; fileRef = 96554F0B2C93571D00DBA4F8 /* BlueButtonView.swift */; };
		9660DBB72C8774450005B852 /* ImageFitAndFillView.swift in Sources */ = {isa = PBXBuildFile; fileRef = 9660DBB62C8774450005B852 /* ImageFitAndFillView.swift */; };
		9662A6852C8CC9F60076FF1D /* LoginView.swift in Sources */ = {isa = PBXBuildFile; fileRef = 9662A6842C8CC9F60076FF1D /* LoginView.swift */; };
		9665A6FA2CB1984E002BF0FD /* Comment.swift in Sources */ = {isa = PBXBuildFile; fileRef = 9665A6F92CB1984E002BF0FD /* Comment.swift */; };
		9665A6FC2CB1A2A5002BF0FD /* CommentManager.swift in Sources */ = {isa = PBXBuildFile; fileRef = 9665A6FB2CB1A2A5002BF0FD /* CommentManager.swift */; };
		967133F22C8CBFF3008473BD /* Post.swift in Sources */ = {isa = PBXBuildFile; fileRef = 967133F12C8CBFF3008473BD /* Post.swift */; };
		967480F52CB3AB1F0030CE43 /* CommentCellView.swift in Sources */ = {isa = PBXBuildFile; fileRef = 967480F42CB3AB1F0030CE43 /* CommentCellView.swift */; };
		967F50822CA1F63D0017599E /* FeedViewModel.swift in Sources */ = {isa = PBXBuildFile; fileRef = 967F50812CA1F63D0017599E /* FeedViewModel.swift */; };
		968D7EE72C9164210033E825 /* GradientBackgroundView.swift in Sources */ = {isa = PBXBuildFile; fileRef = 968D7EE62C9164210033E825 /* GradientBackgroundView.swift */; };
		968D7EE92C9166430033E825 /* EnterEmailView.swift in Sources */ = {isa = PBXBuildFile; fileRef = 968D7EE82C9166430033E825 /* EnterEmailView.swift */; };
		96945E102CAA648E002EB1A7 /* SearchView.swift in Sources */ = {isa = PBXBuildFile; fileRef = 96945E0F2CAA648E002EB1A7 /* SearchView.swift */; };
		96945E122CAA6548002EB1A7 /* SearchViewModel.swift in Sources */ = {isa = PBXBuildFile; fileRef = 96945E112CAA6548002EB1A7 /* SearchViewModel.swift */; };
		96ABAADC2CA5045E0090B005 /* Date+relativeTimeString.swift in Sources */ = {isa = PBXBuildFile; fileRef = 96ABAADB2CA5045E0090B005 /* Date+relativeTimeString.swift */; };
		96B25FC82C94C15700FD3A18 /* AuthManager.swift in Sources */ = {isa = PBXBuildFile; fileRef = 96B25FC72C94C15700FD3A18 /* AuthManager.swift */; };
		96B9B5B82C9879B20064B11D /* ProfileView.swift in Sources */ = {isa = PBXBuildFile; fileRef = 96B9B5B72C9879B20064B11D /* ProfileView.swift */; };
		96B9B5BB2C98A8D50064B11D /* ProfileEditingView.swift in Sources */ = {isa = PBXBuildFile; fileRef = 96B9B5BA2C98A8D50064B11D /* ProfileEditingView.swift */; };
		96B9B5BD2C98AE810064B11D /* ProfileViewModel.swift in Sources */ = {isa = PBXBuildFile; fileRef = 96B9B5BC2C98AE810064B11D /* ProfileViewModel.swift */; };
		96CB32132CA1378E00498BEB /* FeedView.swift in Sources */ = {isa = PBXBuildFile; fileRef = 96CB32122CA1378E00498BEB /* FeedView.swift */; };
		96CB32162CA1390D00498BEB /* FeedCellView.swift in Sources */ = {isa = PBXBuildFile; fileRef = 96CB32152CA1390D00498BEB /* FeedCellView.swift */; };
		96E0CB452C85798800C270C3 /* NewPostView.swift in Sources */ = {isa = PBXBuildFile; fileRef = 96E0CB442C85798800C270C3 /* NewPostView.swift */; };
		96E3543A2C93F52200BE7906 /* SignupViewModel.swift in Sources */ = {isa = PBXBuildFile; fileRef = 96E354392C93F52200BE7906 /* SignupViewModel.swift */; };
		96E7CC942C9E929200A25394 /* ImageManager.swift in Sources */ = {isa = PBXBuildFile; fileRef = 96E7CC932C9E929200A25394 /* ImageManager.swift */; };
		96EC27232CB375740011BC86 /* CommentViewModel.swift in Sources */ = {isa = PBXBuildFile; fileRef = 96EC27222CB375740011BC86 /* CommentViewModel.swift */; };
		96EECA662C91F10C00CD7AFF /* EnterPasswordView.swift in Sources */ = {isa = PBXBuildFile; fileRef = 96EECA652C91F10C00CD7AFF /* EnterPasswordView.swift */; };
		96EECA682C91F3B900CD7AFF /* EnterNameView.swift in Sources */ = {isa = PBXBuildFile; fileRef = 96EECA672C91F3B900CD7AFF /* EnterNameView.swift */; };
		96EECA6A2C91F4C000CD7AFF /* EnterUserNameView.swift in Sources */ = {isa = PBXBuildFile; fileRef = 96EECA692C91F4C000CD7AFF /* EnterUserNameView.swift */; };
		96EECA6C2C91F58B00CD7AFF /* CompleteSignupView.swift in Sources */ = {isa = PBXBuildFile; fileRef = 96EECA6B2C91F58B00CD7AFF /* CompleteSignupView.swift */; };
/* End PBXBuildFile section */

/* Begin PBXFileReference section */
		960120882CB0530F00E1C4F2 /* CommentView.swift */ = {isa = PBXFileReference; lastKnownFileType = sourcecode.swift; path = CommentView.swift; sourceTree = "<group>"; };
		960526ED2C9784E4003B2A74 /* User.swift */ = {isa = PBXFileReference; lastKnownFileType = sourcecode.swift; path = User.swift; sourceTree = "<group>"; };
		960526EF2C9787AA003B2A74 /* LoginViewModel.swift */ = {isa = PBXFileReference; lastKnownFileType = sourcecode.swift; path = LoginViewModel.swift; sourceTree = "<group>"; };
		9611158B2C92A0740074EF91 /* InstagramTextFieldModifier.swift */ = {isa = PBXFileReference; lastKnownFileType = sourcecode.swift; path = InstagramTextFieldModifier.swift; sourceTree = "<group>"; };
		9611158E2C92AD540074EF91 /* SignupBackgroundView.swift */ = {isa = PBXFileReference; lastKnownFileType = sourcecode.swift; path = SignupBackgroundView.swift; sourceTree = "<group>"; };
		962B0CF92CA2711900D10585 /* FeedCellViewModel.swift */ = {isa = PBXFileReference; lastKnownFileType = sourcecode.swift; path = FeedCellViewModel.swift; sourceTree = "<group>"; };
		9630D6332CAC4E05002EDEB7 /* PostManager.swift */ = {isa = PBXFileReference; lastKnownFileType = sourcecode.swift; path = PostManager.swift; sourceTree = "<group>"; };
		963A86462C8B87EC00FD687D /* GoogleService-Info.plist */ = {isa = PBXFileReference; fileEncoding = 4; lastKnownFileType = text.plist.xml; path = "GoogleService-Info.plist"; sourceTree = "<group>"; };
		963A86502C8BA37900FD687D /* NewPostViewModel.swift */ = {isa = PBXFileReference; lastKnownFileType = sourcecode.swift; path = NewPostViewModel.swift; sourceTree = "<group>"; };
		9653C1652C83856000445EFF /* instagramClone.app */ = {isa = PBXFileReference; explicitFileType = wrapper.application; includeInIndex = 0; path = instagramClone.app; sourceTree = BUILT_PRODUCTS_DIR; };
		9653C1682C83856000445EFF /* instagramCloneApp.swift */ = {isa = PBXFileReference; lastKnownFileType = sourcecode.swift; path = instagramCloneApp.swift; sourceTree = "<group>"; };
		9653C16A2C83856000445EFF /* ContentView.swift */ = {isa = PBXFileReference; lastKnownFileType = sourcecode.swift; path = ContentView.swift; sourceTree = "<group>"; };
		9653C16C2C83856100445EFF /* Assets.xcassets */ = {isa = PBXFileReference; lastKnownFileType = folder.assetcatalog; path = Assets.xcassets; sourceTree = "<group>"; };
		9653C16F2C83856100445EFF /* Preview Assets.xcassets */ = {isa = PBXFileReference; lastKnownFileType = folder.assetcatalog; path = "Preview Assets.xcassets"; sourceTree = "<group>"; };
		9653C1782C8386A700445EFF /* MainTabView.swift */ = {isa = PBXFileReference; lastKnownFileType = sourcecode.swift; path = MainTabView.swift; sourceTree = "<group>"; };
		96554F0B2C93571D00DBA4F8 /* BlueButtonView.swift */ = {isa = PBXFileReference; lastKnownFileType = sourcecode.swift; path = BlueButtonView.swift; sourceTree = "<group>"; };
		9660DBB62C8774450005B852 /* ImageFitAndFillView.swift */ = {isa = PBXFileReference; lastKnownFileType = sourcecode.swift; path = ImageFitAndFillView.swift; sourceTree = "<group>"; };
		9662A6842C8CC9F60076FF1D /* LoginView.swift */ = {isa = PBXFileReference; lastKnownFileType = sourcecode.swift; path = LoginView.swift; sourceTree = "<group>"; };
		9665A6F92CB1984E002BF0FD /* Comment.swift */ = {isa = PBXFileReference; lastKnownFileType = sourcecode.swift; path = Comment.swift; sourceTree = "<group>"; };
		9665A6FB2CB1A2A5002BF0FD /* CommentManager.swift */ = {isa = PBXFileReference; lastKnownFileType = sourcecode.swift; path = CommentManager.swift; sourceTree = "<group>"; };
		967133F12C8CBFF3008473BD /* Post.swift */ = {isa = PBXFileReference; lastKnownFileType = sourcecode.swift; path = Post.swift; sourceTree = "<group>"; };
		967480F42CB3AB1F0030CE43 /* CommentCellView.swift */ = {isa = PBXFileReference; lastKnownFileType = sourcecode.swift; path = CommentCellView.swift; sourceTree = "<group>"; };
		967F50812CA1F63D0017599E /* FeedViewModel.swift */ = {isa = PBXFileReference; lastKnownFileType = sourcecode.swift; path = FeedViewModel.swift; sourceTree = "<group>"; };
		968D7EE62C9164210033E825 /* GradientBackgroundView.swift */ = {isa = PBXFileReference; lastKnownFileType = sourcecode.swift; path = GradientBackgroundView.swift; sourceTree = "<group>"; };
		968D7EE82C9166430033E825 /* EnterEmailView.swift */ = {isa = PBXFileReference; lastKnownFileType = sourcecode.swift; path = EnterEmailView.swift; sourceTree = "<group>"; };
		96945E0F2CAA648E002EB1A7 /* SearchView.swift */ = {isa = PBXFileReference; lastKnownFileType = sourcecode.swift; path = SearchView.swift; sourceTree = "<group>"; };
		96945E112CAA6548002EB1A7 /* SearchViewModel.swift */ = {isa = PBXFileReference; lastKnownFileType = sourcecode.swift; path = SearchViewModel.swift; sourceTree = "<group>"; };
		96ABAADB2CA5045E0090B005 /* Date+relativeTimeString.swift */ = {isa = PBXFileReference; lastKnownFileType = sourcecode.swift; path = "Date+relativeTimeString.swift"; sourceTree = "<group>"; };
		96B25FC72C94C15700FD3A18 /* AuthManager.swift */ = {isa = PBXFileReference; lastKnownFileType = sourcecode.swift; path = AuthManager.swift; sourceTree = "<group>"; };
		96B9B5B72C9879B20064B11D /* ProfileView.swift */ = {isa = PBXFileReference; lastKnownFileType = sourcecode.swift; path = ProfileView.swift; sourceTree = "<group>"; };
		96B9B5BA2C98A8D50064B11D /* ProfileEditingView.swift */ = {isa = PBXFileReference; lastKnownFileType = sourcecode.swift; path = ProfileEditingView.swift; sourceTree = "<group>"; };
		96B9B5BC2C98AE810064B11D /* ProfileViewModel.swift */ = {isa = PBXFileReference; lastKnownFileType = sourcecode.swift; path = ProfileViewModel.swift; sourceTree = "<group>"; };
		96CB32122CA1378E00498BEB /* FeedView.swift */ = {isa = PBXFileReference; lastKnownFileType = sourcecode.swift; path = FeedView.swift; sourceTree = "<group>"; };
		96CB32152CA1390D00498BEB /* FeedCellView.swift */ = {isa = PBXFileReference; lastKnownFileType = sourcecode.swift; path = FeedCellView.swift; sourceTree = "<group>"; };
		96E0CB442C85798800C270C3 /* NewPostView.swift */ = {isa = PBXFileReference; lastKnownFileType = sourcecode.swift; path = NewPostView.swift; sourceTree = "<group>"; };
		96E354392C93F52200BE7906 /* SignupViewModel.swift */ = {isa = PBXFileReference; lastKnownFileType = sourcecode.swift; path = SignupViewModel.swift; sourceTree = "<group>"; };
		96E7CC932C9E929200A25394 /* ImageManager.swift */ = {isa = PBXFileReference; lastKnownFileType = sourcecode.swift; path = ImageManager.swift; sourceTree = "<group>"; };
		96EC27222CB375740011BC86 /* CommentViewModel.swift */ = {isa = PBXFileReference; lastKnownFileType = sourcecode.swift; path = CommentViewModel.swift; sourceTree = "<group>"; };
		96EECA652C91F10C00CD7AFF /* EnterPasswordView.swift */ = {isa = PBXFileReference; lastKnownFileType = sourcecode.swift; path = EnterPasswordView.swift; sourceTree = "<group>"; };
		96EECA672C91F3B900CD7AFF /* EnterNameView.swift */ = {isa = PBXFileReference; lastKnownFileType = sourcecode.swift; path = EnterNameView.swift; sourceTree = "<group>"; };
		96EECA692C91F4C000CD7AFF /* EnterUserNameView.swift */ = {isa = PBXFileReference; lastKnownFileType = sourcecode.swift; path = EnterUserNameView.swift; sourceTree = "<group>"; };
		96EECA6B2C91F58B00CD7AFF /* CompleteSignupView.swift */ = {isa = PBXFileReference; lastKnownFileType = sourcecode.swift; path = CompleteSignupView.swift; sourceTree = "<group>"; };
/* End PBXFileReference section */

/* Begin PBXFrameworksBuildPhase section */
		9653C1622C83856000445EFF /* Frameworks */ = {
			isa = PBXFrameworksBuildPhase;
			buildActionMask = 2147483647;
			files = (
				960BBA242C9D468F001000C5 /* Kingfisher in Frameworks */,
				963A864A2C8B932600FD687D /* FirebaseAuth in Frameworks */,
				963A864C2C8B932600FD687D /* FirebaseFirestore in Frameworks */,
				963A864E2C8B932600FD687D /* FirebaseStorage in Frameworks */,
			);
			runOnlyForDeploymentPostprocessing = 0;
		};
/* End PBXFrameworksBuildPhase section */

/* Begin PBXGroup section */
		960120872CB052F200E1C4F2 /* Comment */ = {
			isa = PBXGroup;
			children = (
				967480F62CB3AB250030CE43 /* View */,
				967480F72CB3AB2A0030CE43 /* ViewModel */,
			);
			path = Comment;
			sourceTree = "<group>";
		};
		9611158D2C92A0CD0074EF91 /* Common */ = {
			isa = PBXGroup;
			children = (
				968D7EE62C9164210033E825 /* GradientBackgroundView.swift */,
				9611158B2C92A0740074EF91 /* InstagramTextFieldModifier.swift */,
				9611158E2C92AD540074EF91 /* SignupBackgroundView.swift */,
				96554F0B2C93571D00DBA4F8 /* BlueButtonView.swift */,
			);
			path = Common;
			sourceTree = "<group>";
		};
		963A864F2C8BA35C00FD687D /* NewPost */ = {
			isa = PBXGroup;
			children = (
				96E0CB442C85798800C270C3 /* NewPostView.swift */,
				963A86502C8BA37900FD687D /* NewPostViewModel.swift */,
			);
			path = NewPost;
			sourceTree = "<group>";
		};
		9653C15C2C83856000445EFF = {
			isa = PBXGroup;
			children = (
				9653C1672C83856000445EFF /* instagramClone */,
				9653C1662C83856000445EFF /* Products */,
			);
			sourceTree = "<group>";
		};
		9653C1662C83856000445EFF /* Products */ = {
			isa = PBXGroup;
			children = (
				9653C1652C83856000445EFF /* instagramClone.app */,
			);
			name = Products;
			sourceTree = "<group>";
		};
		9653C1672C83856000445EFF /* instagramClone */ = {
			isa = PBXGroup;
			children = (
				9653C1682C83856000445EFF /* instagramCloneApp.swift */,
				9653C16A2C83856000445EFF /* ContentView.swift */,
				9653C1782C8386A700445EFF /* MainTabView.swift */,
				9611158D2C92A0CD0074EF91 /* Common */,
				96B25FC62C94C12900FD3A18 /* Manager */,
				9662A6862C8CCA260076FF1D /* Login */,
				96CB32142CA1379E00498BEB /* Feed */,
				96945E0E2CAA6451002EB1A7 /* Search */,
				963A864F2C8BA35C00FD687D /* NewPost */,
				96B9B5B92C9879C50064B11D /* Profile */,
				960120872CB052F200E1C4F2 /* Comment */,
				967133F02C8CBFD3008473BD /* Model */,
				96ABAADA2CA504020090B005 /* Extensions */,
				9660DBB82C87744B0005B852 /* ETC */,
				9653C16C2C83856100445EFF /* Assets.xcassets */,
				963A86462C8B87EC00FD687D /* GoogleService-Info.plist */,
				9653C16E2C83856100445EFF /* Preview Content */,
			);
			path = instagramClone;
			sourceTree = "<group>";
		};
		9653C16E2C83856100445EFF /* Preview Content */ = {
			isa = PBXGroup;
			children = (
				9653C16F2C83856100445EFF /* Preview Assets.xcassets */,
			);
			path = "Preview Content";
			sourceTree = "<group>";
		};
		9660DBB82C87744B0005B852 /* ETC */ = {
			isa = PBXGroup;
			children = (
				9660DBB62C8774450005B852 /* ImageFitAndFillView.swift */,
			);
			path = ETC;
			sourceTree = "<group>";
		};
		9662A6862C8CCA260076FF1D /* Login */ = {
			isa = PBXGroup;
			children = (
				96E3543B2C93FA4300BE7906 /* View */,
				96E3543C2C93FA4A00BE7906 /* ViewModel */,
			);
			path = Login;
			sourceTree = "<group>";
		};
		967133F02C8CBFD3008473BD /* Model */ = {
			isa = PBXGroup;
			children = (
				967133F12C8CBFF3008473BD /* Post.swift */,
				960526ED2C9784E4003B2A74 /* User.swift */,
				9665A6F92CB1984E002BF0FD /* Comment.swift */,
			);
			path = Model;
			sourceTree = "<group>";
		};
		967480F62CB3AB250030CE43 /* View */ = {
			isa = PBXGroup;
			children = (
				960120882CB0530F00E1C4F2 /* CommentView.swift */,
				967480F42CB3AB1F0030CE43 /* CommentCellView.swift */,
			);
			path = View;
			sourceTree = "<group>";
		};
		967480F72CB3AB2A0030CE43 /* ViewModel */ = {
			isa = PBXGroup;
			children = (
				96EC27222CB375740011BC86 /* CommentViewModel.swift */,
			);
			path = ViewModel;
			sourceTree = "<group>";
		};
		967F50832CA1F6820017599E /* ViewModel */ = {
			isa = PBXGroup;
			children = (
				967F50812CA1F63D0017599E /* FeedViewModel.swift */,
				962B0CF92CA2711900D10585 /* FeedCellViewModel.swift */,
			);
			path = ViewModel;
			sourceTree = "<group>";
		};
		967F50842CA1F6910017599E /* View */ = {
			isa = PBXGroup;
			children = (
				96CB32122CA1378E00498BEB /* FeedView.swift */,
				96CB32152CA1390D00498BEB /* FeedCellView.swift */,
			);
			path = View;
			sourceTree = "<group>";
		};
		96945E0E2CAA6451002EB1A7 /* Search */ = {
			isa = PBXGroup;
			children = (
				96945E0F2CAA648E002EB1A7 /* SearchView.swift */,
				96945E112CAA6548002EB1A7 /* SearchViewModel.swift */,
			);
			path = Search;
			sourceTree = "<group>";
		};
		96ABAADA2CA504020090B005 /* Extensions */ = {
			isa = PBXGroup;
			children = (
				96ABAADB2CA5045E0090B005 /* Date+relativeTimeString.swift */,
			);
			path = Extensions;
			sourceTree = "<group>";
		};
		96B25FC62C94C12900FD3A18 /* Manager */ = {
			isa = PBXGroup;
			children = (
				96B25FC72C94C15700FD3A18 /* AuthManager.swift */,
				96E7CC932C9E929200A25394 /* ImageManager.swift */,
				9630D6332CAC4E05002EDEB7 /* PostManager.swift */,
				9665A6FB2CB1A2A5002BF0FD /* CommentManager.swift */,
			);
			path = Manager;
			sourceTree = "<group>";
		};
		96B9B5B92C9879C50064B11D /* Profile */ = {
			isa = PBXGroup;
			children = (
				96B9B5BE2C98AEC50064B11D /* View */,
				96B9B5C02C98AECF0064B11D /* ViewModel */,
			);
			path = Profile;
			sourceTree = "<group>";
		};
		96B9B5BE2C98AEC50064B11D /* View */ = {
			isa = PBXGroup;
			children = (
				96B9B5B72C9879B20064B11D /* ProfileView.swift */,
				96B9B5BA2C98A8D50064B11D /* ProfileEditingView.swift */,
			);
			path = View;
			sourceTree = "<group>";
		};
		96B9B5C02C98AECF0064B11D /* ViewModel */ = {
			isa = PBXGroup;
			children = (
				96B9B5BC2C98AE810064B11D /* ProfileViewModel.swift */,
			);
			path = ViewModel;
			sourceTree = "<group>";
		};
		96CB32142CA1379E00498BEB /* Feed */ = {
			isa = PBXGroup;
			children = (
				967F50842CA1F6910017599E /* View */,
				967F50832CA1F6820017599E /* ViewModel */,
			);
			path = Feed;
			sourceTree = "<group>";
		};
		96E3543B2C93FA4300BE7906 /* View */ = {
			isa = PBXGroup;
			children = (
				9662A6842C8CC9F60076FF1D /* LoginView.swift */,
				968D7EE82C9166430033E825 /* EnterEmailView.swift */,
				96EECA652C91F10C00CD7AFF /* EnterPasswordView.swift */,
				96EECA672C91F3B900CD7AFF /* EnterNameView.swift */,
				96EECA692C91F4C000CD7AFF /* EnterUserNameView.swift */,
				96EECA6B2C91F58B00CD7AFF /* CompleteSignupView.swift */,
			);
			path = View;
			sourceTree = "<group>";
		};
		96E3543C2C93FA4A00BE7906 /* ViewModel */ = {
			isa = PBXGroup;
			children = (
				96E354392C93F52200BE7906 /* SignupViewModel.swift */,
				960526EF2C9787AA003B2A74 /* LoginViewModel.swift */,
			);
			path = ViewModel;
			sourceTree = "<group>";
		};
/* End PBXGroup section */

/* Begin PBXNativeTarget section */
		9653C1642C83856000445EFF /* instagramClone */ = {
			isa = PBXNativeTarget;
			buildConfigurationList = 9653C1732C83856100445EFF /* Build configuration list for PBXNativeTarget "instagramClone" */;
			buildPhases = (
				9653C1612C83856000445EFF /* Sources */,
				9653C1622C83856000445EFF /* Frameworks */,
				9653C1632C83856000445EFF /* Resources */,
			);
			buildRules = (
			);
			dependencies = (
			);
			name = instagramClone;
			packageProductDependencies = (
				963A86492C8B932600FD687D /* FirebaseAuth */,
				963A864B2C8B932600FD687D /* FirebaseFirestore */,
				963A864D2C8B932600FD687D /* FirebaseStorage */,
				960BBA232C9D468F001000C5 /* Kingfisher */,
			);
			productName = instagramClone;
			productReference = 9653C1652C83856000445EFF /* instagramClone.app */;
			productType = "com.apple.product-type.application";
		};
/* End PBXNativeTarget section */

/* Begin PBXProject section */
		9653C15D2C83856000445EFF /* Project object */ = {
			isa = PBXProject;
			attributes = {
				BuildIndependentTargetsInParallel = 1;
				LastSwiftUpdateCheck = 1500;
				LastUpgradeCheck = 1500;
				TargetAttributes = {
					9653C1642C83856000445EFF = {
						CreatedOnToolsVersion = 15.0;
					};
				};
			};
			buildConfigurationList = 9653C1602C83856000445EFF /* Build configuration list for PBXProject "instagramClone" */;
			compatibilityVersion = "Xcode 14.0";
			developmentRegion = en;
			hasScannedForEncodings = 0;
			knownRegions = (
				en,
				Base,
			);
			mainGroup = 9653C15C2C83856000445EFF;
			packageReferences = (
				963A86482C8B932600FD687D /* XCRemoteSwiftPackageReference "firebase-ios-sdk" */,
				960BBA222C9D468F001000C5 /* XCRemoteSwiftPackageReference "Kingfisher" */,
			);
			productRefGroup = 9653C1662C83856000445EFF /* Products */;
			projectDirPath = "";
			projectRoot = "";
			targets = (
				9653C1642C83856000445EFF /* instagramClone */,
			);
		};
/* End PBXProject section */

/* Begin PBXResourcesBuildPhase section */
		9653C1632C83856000445EFF /* Resources */ = {
			isa = PBXResourcesBuildPhase;
			buildActionMask = 2147483647;
			files = (
				9653C1702C83856100445EFF /* Preview Assets.xcassets in Resources */,
				963A86472C8B87EC00FD687D /* GoogleService-Info.plist in Resources */,
				9653C16D2C83856100445EFF /* Assets.xcassets in Resources */,
			);
			runOnlyForDeploymentPostprocessing = 0;
		};
/* End PBXResourcesBuildPhase section */

/* Begin PBXSourcesBuildPhase section */
		9653C1612C83856000445EFF /* Sources */ = {
			isa = PBXSourcesBuildPhase;
			buildActionMask = 2147483647;
			files = (
				96E3543A2C93F52200BE7906 /* SignupViewModel.swift in Sources */,
				96E0CB452C85798800C270C3 /* NewPostView.swift in Sources */,
				9653C16B2C83856000445EFF /* ContentView.swift in Sources */,
				9660DBB72C8774450005B852 /* ImageFitAndFillView.swift in Sources */,
				968D7EE72C9164210033E825 /* GradientBackgroundView.swift in Sources */,
				96EECA6A2C91F4C000CD7AFF /* EnterUserNameView.swift in Sources */,
				967480F52CB3AB1F0030CE43 /* CommentCellView.swift in Sources */,
				96B9B5BD2C98AE810064B11D /* ProfileViewModel.swift in Sources */,
				96EECA682C91F3B900CD7AFF /* EnterNameView.swift in Sources */,
				9630D6342CAC4E05002EDEB7 /* PostManager.swift in Sources */,
				9665A6FC2CB1A2A5002BF0FD /* CommentManager.swift in Sources */,
				9611158F2C92AD540074EF91 /* SignupBackgroundView.swift in Sources */,
				9665A6FA2CB1984E002BF0FD /* Comment.swift in Sources */,
				960526EE2C9784E4003B2A74 /* User.swift in Sources */,
				96CB32132CA1378E00498BEB /* FeedView.swift in Sources */,
				9653C1692C83856000445EFF /* instagramCloneApp.swift in Sources */,
				96B9B5BB2C98A8D50064B11D /* ProfileEditingView.swift in Sources */,
				9653C1792C8386A700445EFF /* MainTabView.swift in Sources */,
				967F50822CA1F63D0017599E /* FeedViewModel.swift in Sources */,
				96945E102CAA648E002EB1A7 /* SearchView.swift in Sources */,
				968D7EE92C9166430033E825 /* EnterEmailView.swift in Sources */,
				960120892CB0530F00E1C4F2 /* CommentView.swift in Sources */,
				962B0CFA2CA2711900D10585 /* FeedCellViewModel.swift in Sources */,
				96945E122CAA6548002EB1A7 /* SearchViewModel.swift in Sources */,
				96CB32162CA1390D00498BEB /* FeedCellView.swift in Sources */,
				96EC27232CB375740011BC86 /* CommentViewModel.swift in Sources */,
				96EECA6C2C91F58B00CD7AFF /* CompleteSignupView.swift in Sources */,
				9611158C2C92A0740074EF91 /* InstagramTextFieldModifier.swift in Sources */,
				96554F0C2C93571D00DBA4F8 /* BlueButtonView.swift in Sources */,
				96ABAADC2CA5045E0090B005 /* Date+relativeTimeString.swift in Sources */,
				96B25FC82C94C15700FD3A18 /* AuthManager.swift in Sources */,
				96EECA662C91F10C00CD7AFF /* EnterPasswordView.swift in Sources */,
				967133F22C8CBFF3008473BD /* Post.swift in Sources */,
				9662A6852C8CC9F60076FF1D /* LoginView.swift in Sources */,
				96E7CC942C9E929200A25394 /* ImageManager.swift in Sources */,
				963A86512C8BA37900FD687D /* NewPostViewModel.swift in Sources */,
				96B9B5B82C9879B20064B11D /* ProfileView.swift in Sources */,
				960526F02C9787AA003B2A74 /* LoginViewModel.swift in Sources */,
			);
			runOnlyForDeploymentPostprocessing = 0;
		};
/* End PBXSourcesBuildPhase section */

/* Begin XCBuildConfiguration section */
		9653C1712C83856100445EFF /* Debug */ = {
			isa = XCBuildConfiguration;
			buildSettings = {
				ALWAYS_SEARCH_USER_PATHS = NO;
				ASSETCATALOG_COMPILER_GENERATE_SWIFT_ASSET_SYMBOL_EXTENSIONS = YES;
				CLANG_ANALYZER_NONNULL = YES;
				CLANG_ANALYZER_NUMBER_OBJECT_CONVERSION = YES_AGGRESSIVE;
				CLANG_CXX_LANGUAGE_STANDARD = "gnu++20";
				CLANG_ENABLE_MODULES = YES;
				CLANG_ENABLE_OBJC_ARC = YES;
				CLANG_ENABLE_OBJC_WEAK = YES;
				CLANG_WARN_BLOCK_CAPTURE_AUTORELEASING = YES;
				CLANG_WARN_BOOL_CONVERSION = YES;
				CLANG_WARN_COMMA = YES;
				CLANG_WARN_CONSTANT_CONVERSION = YES;
				CLANG_WARN_DEPRECATED_OBJC_IMPLEMENTATIONS = YES;
				CLANG_WARN_DIRECT_OBJC_ISA_USAGE = YES_ERROR;
				CLANG_WARN_DOCUMENTATION_COMMENTS = YES;
				CLANG_WARN_EMPTY_BODY = YES;
				CLANG_WARN_ENUM_CONVERSION = YES;
				CLANG_WARN_INFINITE_RECURSION = YES;
				CLANG_WARN_INT_CONVERSION = YES;
				CLANG_WARN_NON_LITERAL_NULL_CONVERSION = YES;
				CLANG_WARN_OBJC_IMPLICIT_RETAIN_SELF = YES;
				CLANG_WARN_OBJC_LITERAL_CONVERSION = YES;
				CLANG_WARN_OBJC_ROOT_CLASS = YES_ERROR;
				CLANG_WARN_QUOTED_INCLUDE_IN_FRAMEWORK_HEADER = YES;
				CLANG_WARN_RANGE_LOOP_ANALYSIS = YES;
				CLANG_WARN_STRICT_PROTOTYPES = YES;
				CLANG_WARN_SUSPICIOUS_MOVE = YES;
				CLANG_WARN_UNGUARDED_AVAILABILITY = YES_AGGRESSIVE;
				CLANG_WARN_UNREACHABLE_CODE = YES;
				CLANG_WARN__DUPLICATE_METHOD_MATCH = YES;
				COPY_PHASE_STRIP = NO;
				DEBUG_INFORMATION_FORMAT = dwarf;
				ENABLE_STRICT_OBJC_MSGSEND = YES;
				ENABLE_TESTABILITY = YES;
				ENABLE_USER_SCRIPT_SANDBOXING = YES;
				GCC_C_LANGUAGE_STANDARD = gnu17;
				GCC_DYNAMIC_NO_PIC = NO;
				GCC_NO_COMMON_BLOCKS = YES;
				GCC_OPTIMIZATION_LEVEL = 0;
				GCC_PREPROCESSOR_DEFINITIONS = (
					"DEBUG=1",
					"$(inherited)",
				);
				GCC_WARN_64_TO_32_BIT_CONVERSION = YES;
				GCC_WARN_ABOUT_RETURN_TYPE = YES_ERROR;
				GCC_WARN_UNDECLARED_SELECTOR = YES;
				GCC_WARN_UNINITIALIZED_AUTOS = YES_AGGRESSIVE;
				GCC_WARN_UNUSED_FUNCTION = YES;
				GCC_WARN_UNUSED_VARIABLE = YES;
				IPHONEOS_DEPLOYMENT_TARGET = 17.0;
				LOCALIZATION_PREFERS_STRING_CATALOGS = YES;
				MTL_ENABLE_DEBUG_INFO = INCLUDE_SOURCE;
				MTL_FAST_MATH = YES;
				ONLY_ACTIVE_ARCH = YES;
				SDKROOT = iphoneos;
				SWIFT_ACTIVE_COMPILATION_CONDITIONS = "DEBUG $(inherited)";
				SWIFT_OPTIMIZATION_LEVEL = "-Onone";
			};
			name = Debug;
		};
		9653C1722C83856100445EFF /* Release */ = {
			isa = XCBuildConfiguration;
			buildSettings = {
				ALWAYS_SEARCH_USER_PATHS = NO;
				ASSETCATALOG_COMPILER_GENERATE_SWIFT_ASSET_SYMBOL_EXTENSIONS = YES;
				CLANG_ANALYZER_NONNULL = YES;
				CLANG_ANALYZER_NUMBER_OBJECT_CONVERSION = YES_AGGRESSIVE;
				CLANG_CXX_LANGUAGE_STANDARD = "gnu++20";
				CLANG_ENABLE_MODULES = YES;
				CLANG_ENABLE_OBJC_ARC = YES;
				CLANG_ENABLE_OBJC_WEAK = YES;
				CLANG_WARN_BLOCK_CAPTURE_AUTORELEASING = YES;
				CLANG_WARN_BOOL_CONVERSION = YES;
				CLANG_WARN_COMMA = YES;
				CLANG_WARN_CONSTANT_CONVERSION = YES;
				CLANG_WARN_DEPRECATED_OBJC_IMPLEMENTATIONS = YES;
				CLANG_WARN_DIRECT_OBJC_ISA_USAGE = YES_ERROR;
				CLANG_WARN_DOCUMENTATION_COMMENTS = YES;
				CLANG_WARN_EMPTY_BODY = YES;
				CLANG_WARN_ENUM_CONVERSION = YES;
				CLANG_WARN_INFINITE_RECURSION = YES;
				CLANG_WARN_INT_CONVERSION = YES;
				CLANG_WARN_NON_LITERAL_NULL_CONVERSION = YES;
				CLANG_WARN_OBJC_IMPLICIT_RETAIN_SELF = YES;
				CLANG_WARN_OBJC_LITERAL_CONVERSION = YES;
				CLANG_WARN_OBJC_ROOT_CLASS = YES_ERROR;
				CLANG_WARN_QUOTED_INCLUDE_IN_FRAMEWORK_HEADER = YES;
				CLANG_WARN_RANGE_LOOP_ANALYSIS = YES;
				CLANG_WARN_STRICT_PROTOTYPES = YES;
				CLANG_WARN_SUSPICIOUS_MOVE = YES;
				CLANG_WARN_UNGUARDED_AVAILABILITY = YES_AGGRESSIVE;
				CLANG_WARN_UNREACHABLE_CODE = YES;
				CLANG_WARN__DUPLICATE_METHOD_MATCH = YES;
				COPY_PHASE_STRIP = NO;
				DEBUG_INFORMATION_FORMAT = "dwarf-with-dsym";
				ENABLE_NS_ASSERTIONS = NO;
				ENABLE_STRICT_OBJC_MSGSEND = YES;
				ENABLE_USER_SCRIPT_SANDBOXING = YES;
				GCC_C_LANGUAGE_STANDARD = gnu17;
				GCC_NO_COMMON_BLOCKS = YES;
				GCC_WARN_64_TO_32_BIT_CONVERSION = YES;
				GCC_WARN_ABOUT_RETURN_TYPE = YES_ERROR;
				GCC_WARN_UNDECLARED_SELECTOR = YES;
				GCC_WARN_UNINITIALIZED_AUTOS = YES_AGGRESSIVE;
				GCC_WARN_UNUSED_FUNCTION = YES;
				GCC_WARN_UNUSED_VARIABLE = YES;
				IPHONEOS_DEPLOYMENT_TARGET = 17.0;
				LOCALIZATION_PREFERS_STRING_CATALOGS = YES;
				MTL_ENABLE_DEBUG_INFO = NO;
				MTL_FAST_MATH = YES;
				SDKROOT = iphoneos;
				SWIFT_COMPILATION_MODE = wholemodule;
				VALIDATE_PRODUCT = YES;
			};
			name = Release;
		};
		9653C1742C83856100445EFF /* Debug */ = {
			isa = XCBuildConfiguration;
			buildSettings = {
				ASSETCATALOG_COMPILER_APPICON_NAME = AppIcon;
				ASSETCATALOG_COMPILER_GLOBAL_ACCENT_COLOR_NAME = AccentColor;
				CODE_SIGN_STYLE = Automatic;
				CURRENT_PROJECT_VERSION = 1;
				DEVELOPMENT_ASSET_PATHS = "\"instagramClone/Preview Content\"";
				ENABLE_PREVIEWS = YES;
				GENERATE_INFOPLIST_FILE = YES;
				INFOPLIST_KEY_UIApplicationSceneManifest_Generation = YES;
				INFOPLIST_KEY_UIApplicationSupportsIndirectInputEvents = YES;
				INFOPLIST_KEY_UILaunchScreen_Generation = YES;
				INFOPLIST_KEY_UISupportedInterfaceOrientations_iPad = "UIInterfaceOrientationPortrait UIInterfaceOrientationPortraitUpsideDown UIInterfaceOrientationLandscapeLeft UIInterfaceOrientationLandscapeRight";
				INFOPLIST_KEY_UISupportedInterfaceOrientations_iPhone = "UIInterfaceOrientationPortrait UIInterfaceOrientationLandscapeLeft UIInterfaceOrientationLandscapeRight";
				LD_RUNPATH_SEARCH_PATHS = (
					"$(inherited)",
					"@executable_path/Frameworks",
				);
				MARKETING_VERSION = 1.0;
				PRODUCT_BUNDLE_IDENTIFIER = kr.yeol.instagramClone;
				PRODUCT_NAME = "$(TARGET_NAME)";
				SWIFT_EMIT_LOC_STRINGS = YES;
				SWIFT_VERSION = 5.0;
				TARGETED_DEVICE_FAMILY = "1,2";
			};
			name = Debug;
		};
		9653C1752C83856100445EFF /* Release */ = {
			isa = XCBuildConfiguration;
			buildSettings = {
				ASSETCATALOG_COMPILER_APPICON_NAME = AppIcon;
				ASSETCATALOG_COMPILER_GLOBAL_ACCENT_COLOR_NAME = AccentColor;
				CODE_SIGN_STYLE = Automatic;
				CURRENT_PROJECT_VERSION = 1;
				DEVELOPMENT_ASSET_PATHS = "\"instagramClone/Preview Content\"";
				ENABLE_PREVIEWS = YES;
				GENERATE_INFOPLIST_FILE = YES;
				INFOPLIST_KEY_UIApplicationSceneManifest_Generation = YES;
				INFOPLIST_KEY_UIApplicationSupportsIndirectInputEvents = YES;
				INFOPLIST_KEY_UILaunchScreen_Generation = YES;
				INFOPLIST_KEY_UISupportedInterfaceOrientations_iPad = "UIInterfaceOrientationPortrait UIInterfaceOrientationPortraitUpsideDown UIInterfaceOrientationLandscapeLeft UIInterfaceOrientationLandscapeRight";
				INFOPLIST_KEY_UISupportedInterfaceOrientations_iPhone = "UIInterfaceOrientationPortrait UIInterfaceOrientationLandscapeLeft UIInterfaceOrientationLandscapeRight";
				LD_RUNPATH_SEARCH_PATHS = (
					"$(inherited)",
					"@executable_path/Frameworks",
				);
				MARKETING_VERSION = 1.0;
				PRODUCT_BUNDLE_IDENTIFIER = kr.yeol.instagramClone;
				PRODUCT_NAME = "$(TARGET_NAME)";
				SWIFT_EMIT_LOC_STRINGS = YES;
				SWIFT_VERSION = 5.0;
				TARGETED_DEVICE_FAMILY = "1,2";
			};
			name = Release;
		};
/* End XCBuildConfiguration section */

/* Begin XCConfigurationList section */
		9653C1602C83856000445EFF /* Build configuration list for PBXProject "instagramClone" */ = {
			isa = XCConfigurationList;
			buildConfigurations = (
				9653C1712C83856100445EFF /* Debug */,
				9653C1722C83856100445EFF /* Release */,
			);
			defaultConfigurationIsVisible = 0;
			defaultConfigurationName = Release;
		};
		9653C1732C83856100445EFF /* Build configuration list for PBXNativeTarget "instagramClone" */ = {
			isa = XCConfigurationList;
			buildConfigurations = (
				9653C1742C83856100445EFF /* Debug */,
				9653C1752C83856100445EFF /* Release */,
			);
			defaultConfigurationIsVisible = 0;
			defaultConfigurationName = Release;
		};
/* End XCConfigurationList section */

/* Begin XCRemoteSwiftPackageReference section */
		960BBA222C9D468F001000C5 /* XCRemoteSwiftPackageReference "Kingfisher" */ = {
			isa = XCRemoteSwiftPackageReference;
			repositoryURL = "https://github.com/onevcat/Kingfisher";
			requirement = {
				kind = upToNextMajorVersion;
				minimumVersion = 8.0.1;
			};
		};
		963A86482C8B932600FD687D /* XCRemoteSwiftPackageReference "firebase-ios-sdk" */ = {
			isa = XCRemoteSwiftPackageReference;
			repositoryURL = "https://github.com/firebase/firebase-ios-sdk";
			requirement = {
				kind = upToNextMajorVersion;
				minimumVersion = 11.1.0;
			};
		};
/* End XCRemoteSwiftPackageReference section */

/* Begin XCSwiftPackageProductDependency section */
		960BBA232C9D468F001000C5 /* Kingfisher */ = {
			isa = XCSwiftPackageProductDependency;
			package = 960BBA222C9D468F001000C5 /* XCRemoteSwiftPackageReference "Kingfisher" */;
			productName = Kingfisher;
		};
		963A86492C8B932600FD687D /* FirebaseAuth */ = {
			isa = XCSwiftPackageProductDependency;
			package = 963A86482C8B932600FD687D /* XCRemoteSwiftPackageReference "firebase-ios-sdk" */;
			productName = FirebaseAuth;
		};
		963A864B2C8B932600FD687D /* FirebaseFirestore */ = {
			isa = XCSwiftPackageProductDependency;
			package = 963A86482C8B932600FD687D /* XCRemoteSwiftPackageReference "firebase-ios-sdk" */;
			productName = FirebaseFirestore;
		};
		963A864D2C8B932600FD687D /* FirebaseStorage */ = {
			isa = XCSwiftPackageProductDependency;
			package = 963A86482C8B932600FD687D /* XCRemoteSwiftPackageReference "firebase-ios-sdk" */;
			productName = FirebaseStorage;
		};
/* End XCSwiftPackageProductDependency section */
	};
	rootObject = 9653C15D2C83856000445EFF /* Project object */;
}
