// !$*UTF8*$!
{
	archiveVersion = 1;
	classes = {
	};
	objectVersion = 56;
	objects = {

/* Begin PBXBuildFile section */
		963A86472C8B87EC00FD687D /* GoogleService-Info.plist in Resources */ = {isa = PBXBuildFile; fileRef = 963A86462C8B87EC00FD687D /* GoogleService-Info.plist */; };
		963A864A2C8B932600FD687D /* FirebaseAuth in Frameworks */ = {isa = PBXBuildFile; productRef = 963A86492C8B932600FD687D /* FirebaseAuth */; };
		963A864C2C8B932600FD687D /* FirebaseFirestore in Frameworks */ = {isa = PBXBuildFile; productRef = 963A864B2C8B932600FD687D /* FirebaseFirestore */; };
		963A864E2C8B932600FD687D /* FirebaseStorage in Frameworks */ = {isa = PBXBuildFile; productRef = 963A864D2C8B932600FD687D /* FirebaseStorage */; };
		963A86512C8BA37900FD687D /* NewPostViewModel.swift in Sources */ = {isa = PBXBuildFile; fileRef = 963A86502C8BA37900FD687D /* NewPostViewModel.swift */; };
		9653C1692C83856000445EFF /* instagramCloneApp.swift in Sources */ = {isa = PBXBuildFile; fileRef = 9653C1682C83856000445EFF /* instagramCloneApp.swift */; };
		9653C16B2C83856000445EFF /* ContentView.swift in Sources */ = {isa = PBXBuildFile; fileRef = 9653C16A2C83856000445EFF /* ContentView.swift */; };
		9653C16D2C83856100445EFF /* Assets.xcassets in Resources */ = {isa = PBXBuildFile; fileRef = 9653C16C2C83856100445EFF /* Assets.xcassets */; };
		9653C1702C83856100445EFF /* Preview Assets.xcassets in Resources */ = {isa = PBXBuildFile; fileRef = 9653C16F2C83856100445EFF /* Preview Assets.xcassets */; };
		9653C1792C8386A700445EFF /* MainTabView.swift in Sources */ = {isa = PBXBuildFile; fileRef = 9653C1782C8386A700445EFF /* MainTabView.swift */; };
		9660DBB72C8774450005B852 /* ImageFitAndFillView.swift in Sources */ = {isa = PBXBuildFile; fileRef = 9660DBB62C8774450005B852 /* ImageFitAndFillView.swift */; };
		9662A6852C8CC9F60076FF1D /* LoginView.swift in Sources */ = {isa = PBXBuildFile; fileRef = 9662A6842C8CC9F60076FF1D /* LoginView.swift */; };
		967133F22C8CBFF3008473BD /* Post.swift in Sources */ = {isa = PBXBuildFile; fileRef = 967133F12C8CBFF3008473BD /* Post.swift */; };
		96E0CB452C85798800C270C3 /* NewPostView.swift in Sources */ = {isa = PBXBuildFile; fileRef = 96E0CB442C85798800C270C3 /* NewPostView.swift */; };
/* End PBXBuildFile section */

/* Begin PBXFileReference section */
		963A86462C8B87EC00FD687D /* GoogleService-Info.plist */ = {isa = PBXFileReference; fileEncoding = 4; lastKnownFileType = text.plist.xml; path = "GoogleService-Info.plist"; sourceTree = "<group>"; };
		963A86502C8BA37900FD687D /* NewPostViewModel.swift */ = {isa = PBXFileReference; lastKnownFileType = sourcecode.swift; path = NewPostViewModel.swift; sourceTree = "<group>"; };
		9653C1652C83856000445EFF /* instagramClone.app */ = {isa = PBXFileReference; explicitFileType = wrapper.application; includeInIndex = 0; path = instagramClone.app; sourceTree = BUILT_PRODUCTS_DIR; };
		9653C1682C83856000445EFF /* instagramCloneApp.swift */ = {isa = PBXFileReference; lastKnownFileType = sourcecode.swift; path = instagramCloneApp.swift; sourceTree = "<group>"; };
		9653C16A2C83856000445EFF /* ContentView.swift */ = {isa = PBXFileReference; lastKnownFileType = sourcecode.swift; path = ContentView.swift; sourceTree = "<group>"; };
		9653C16C2C83856100445EFF /* Assets.xcassets */ = {isa = PBXFileReference; lastKnownFileType = folder.assetcatalog; path = Assets.xcassets; sourceTree = "<group>"; };
		9653C16F2C83856100445EFF /* Preview Assets.xcassets */ = {isa = PBXFileReference; lastKnownFileType = folder.assetcatalog; path = "Preview Assets.xcassets"; sourceTree = "<group>"; };
		9653C1782C8386A700445EFF /* MainTabView.swift */ = {isa = PBXFileReference; lastKnownFileType = sourcecode.swift; path = MainTabView.swift; sourceTree = "<group>"; };
		9660DBB62C8774450005B852 /* ImageFitAndFillView.swift */ = {isa = PBXFileReference; lastKnownFileType = sourcecode.swift; path = ImageFitAndFillView.swift; sourceTree = "<group>"; };
		9662A6842C8CC9F60076FF1D /* LoginView.swift */ = {isa = PBXFileReference; lastKnownFileType = sourcecode.swift; path = LoginView.swift; sourceTree = "<group>"; };
		967133F12C8CBFF3008473BD /* Post.swift */ = {isa = PBXFileReference; lastKnownFileType = sourcecode.swift; path = Post.swift; sourceTree = "<group>"; };
		96E0CB442C85798800C270C3 /* NewPostView.swift */ = {isa = PBXFileReference; lastKnownFileType = sourcecode.swift; path = NewPostView.swift; sourceTree = "<group>"; };
/* End PBXFileReference section */

/* Begin PBXFrameworksBuildPhase section */
		9653C1622C83856000445EFF /* Frameworks */ = {
			isa = PBXFrameworksBuildPhase;
			buildActionMask = 2147483647;
			files = (
				963A864A2C8B932600FD687D /* FirebaseAuth in Frameworks */,
				963A864C2C8B932600FD687D /* FirebaseFirestore in Frameworks */,
				963A864E2C8B932600FD687D /* FirebaseStorage in Frameworks */,
			);
			runOnlyForDeploymentPostprocessing = 0;
		};
/* End PBXFrameworksBuildPhase section */

/* Begin PBXGroup section */
		963A864F2C8BA35C00FD687D /* NewPost */ = {
			isa = PBXGroup;
			children = (
				96E0CB442C85798800C270C3 /* NewPostView.swift */,
				963A86502C8BA37900FD687D /* NewPostViewModel.swift */,
			);
			path = NewPost;
			sourceTree = "<group>";
		};
		9653C15C2C83856000445EFF = {
			isa = PBXGroup;
			children = (
				9653C1672C83856000445EFF /* instagramClone */,
				9653C1662C83856000445EFF /* Products */,
			);
			sourceTree = "<group>";
		};
		9653C1662C83856000445EFF /* Products */ = {
			isa = PBXGroup;
			children = (
				9653C1652C83856000445EFF /* instagramClone.app */,
			);
			name = Products;
			sourceTree = "<group>";
		};
		9653C1672C83856000445EFF /* instagramClone */ = {
			isa = PBXGroup;
			children = (
				9653C1682C83856000445EFF /* instagramCloneApp.swift */,
				9653C16A2C83856000445EFF /* ContentView.swift */,
				9653C1782C8386A700445EFF /* MainTabView.swift */,
				9662A6862C8CCA260076FF1D /* Login */,
				963A864F2C8BA35C00FD687D /* NewPost */,
				967133F02C8CBFD3008473BD /* Model */,
				9660DBB82C87744B0005B852 /* ETC */,
				9653C16C2C83856100445EFF /* Assets.xcassets */,
				963A86462C8B87EC00FD687D /* GoogleService-Info.plist */,
				9653C16E2C83856100445EFF /* Preview Content */,
			);
			path = instagramClone;
			sourceTree = "<group>";
		};
		9653C16E2C83856100445EFF /* Preview Content */ = {
			isa = PBXGroup;
			children = (
				9653C16F2C83856100445EFF /* Preview Assets.xcassets */,
			);
			path = "Preview Content";
			sourceTree = "<group>";
		};
		9660DBB82C87744B0005B852 /* ETC */ = {
			isa = PBXGroup;
			children = (
				9660DBB62C8774450005B852 /* ImageFitAndFillView.swift */,
			);
			path = ETC;
			sourceTree = "<group>";
		};
		9662A6862C8CCA260076FF1D /* Login */ = {
			isa = PBXGroup;
			children = (
				9662A6842C8CC9F60076FF1D /* LoginView.swift */,
			);
			path = Login;
			sourceTree = "<group>";
		};
		967133F02C8CBFD3008473BD /* Model */ = {
			isa = PBXGroup;
			children = (
				967133F12C8CBFF3008473BD /* Post.swift */,
			);
			path = Model;
			sourceTree = "<group>";
		};
/* End PBXGroup section */

/* Begin PBXNativeTarget section */
		9653C1642C83856000445EFF /* instagramClone */ = {
			isa = PBXNativeTarget;
			buildConfigurationList = 9653C1732C83856100445EFF /* Build configuration list for PBXNativeTarget "instagramClone" */;
			buildPhases = (
				9653C1612C83856000445EFF /* Sources */,
				9653C1622C83856000445EFF /* Frameworks */,
				9653C1632C83856000445EFF /* Resources */,
			);
			buildRules = (
			);
			dependencies = (
			);
			name = instagramClone;
			packageProductDependencies = (
				963A86492C8B932600FD687D /* FirebaseAuth */,
				963A864B2C8B932600FD687D /* FirebaseFirestore */,
				963A864D2C8B932600FD687D /* FirebaseStorage */,
			);
			productName = instagramClone;
			productReference = 9653C1652C83856000445EFF /* instagramClone.app */;
			productType = "com.apple.product-type.application";
		};
/* End PBXNativeTarget section */

/* Begin PBXProject section */
		9653C15D2C83856000445EFF /* Project object */ = {
			isa = PBXProject;
			attributes = {
				BuildIndependentTargetsInParallel = 1;
				LastSwiftUpdateCheck = 1500;
				LastUpgradeCheck = 1500;
				TargetAttributes = {
					9653C1642C83856000445EFF = {
						CreatedOnToolsVersion = 15.0;
					};
				};
			};
			buildConfigurationList = 9653C1602C83856000445EFF /* Build configuration list for PBXProject "instagramClone" */;
			compatibilityVersion = "Xcode 14.0";
			developmentRegion = en;
			hasScannedForEncodings = 0;
			knownRegions = (
				en,
				Base,
			);
			mainGroup = 9653C15C2C83856000445EFF;
			packageReferences = (
				963A86482C8B932600FD687D /* XCRemoteSwiftPackageReference "firebase-ios-sdk" */,
			);
			productRefGroup = 9653C1662C83856000445EFF /* Products */;
			projectDirPath = "";
			projectRoot = "";
			targets = (
				9653C1642C83856000445EFF /* instagramClone */,
			);
		};
/* End PBXProject section */

/* Begin PBXResourcesBuildPhase section */
		9653C1632C83856000445EFF /* Resources */ = {
			isa = PBXResourcesBuildPhase;
			buildActionMask = 2147483647;
			files = (
				9653C1702C83856100445EFF /* Preview Assets.xcassets in Resources */,
				963A86472C8B87EC00FD687D /* GoogleService-Info.plist in Resources */,
				9653C16D2C83856100445EFF /* Assets.xcassets in Resources */,
			);
			runOnlyForDeploymentPostprocessing = 0;
		};
/* End PBXResourcesBuildPhase section */

/* Begin PBXSourcesBuildPhase section */
		9653C1612C83856000445EFF /* Sources */ = {
			isa = PBXSourcesBuildPhase;
			buildActionMask = 2147483647;
			files = (
				96E0CB452C85798800C270C3 /* NewPostView.swift in Sources */,
				9653C16B2C83856000445EFF /* ContentView.swift in Sources */,
				9660DBB72C8774450005B852 /* ImageFitAndFillView.swift in Sources */,
				9653C1692C83856000445EFF /* instagramCloneApp.swift in Sources */,
				9653C1792C8386A700445EFF /* MainTabView.swift in Sources */,
				967133F22C8CBFF3008473BD /* Post.swift in Sources */,
				9662A6852C8CC9F60076FF1D /* LoginView.swift in Sources */,
				963A86512C8BA37900FD687D /* NewPostViewModel.swift in Sources */,
			);
			runOnlyForDeploymentPostprocessing = 0;
		};
/* End PBXSourcesBuildPhase section */

/* Begin XCBuildConfiguration section */
		9653C1712C83856100445EFF /* Debug */ = {
			isa = XCBuildConfiguration;
			buildSettings = {
				ALWAYS_SEARCH_USER_PATHS = NO;
				ASSETCATALOG_COMPILER_GENERATE_SWIFT_ASSET_SYMBOL_EXTENSIONS = YES;
				CLANG_ANALYZER_NONNULL = YES;
				CLANG_ANALYZER_NUMBER_OBJECT_CONVERSION = YES_AGGRESSIVE;
				CLANG_CXX_LANGUAGE_STANDARD = "gnu++20";
				CLANG_ENABLE_MODULES = YES;
				CLANG_ENABLE_OBJC_ARC = YES;
				CLANG_ENABLE_OBJC_WEAK = YES;
				CLANG_WARN_BLOCK_CAPTURE_AUTORELEASING = YES;
				CLANG_WARN_BOOL_CONVERSION = YES;
				CLANG_WARN_COMMA = YES;
				CLANG_WARN_CONSTANT_CONVERSION = YES;
				CLANG_WARN_DEPRECATED_OBJC_IMPLEMENTATIONS = YES;
				CLANG_WARN_DIRECT_OBJC_ISA_USAGE = YES_ERROR;
				CLANG_WARN_DOCUMENTATION_COMMENTS = YES;
				CLANG_WARN_EMPTY_BODY = YES;
				CLANG_WARN_ENUM_CONVERSION = YES;
				CLANG_WARN_INFINITE_RECURSION = YES;
				CLANG_WARN_INT_CONVERSION = YES;
				CLANG_WARN_NON_LITERAL_NULL_CONVERSION = YES;
				CLANG_WARN_OBJC_IMPLICIT_RETAIN_SELF = YES;
				CLANG_WARN_OBJC_LITERAL_CONVERSION = YES;
				CLANG_WARN_OBJC_ROOT_CLASS = YES_ERROR;
				CLANG_WARN_QUOTED_INCLUDE_IN_FRAMEWORK_HEADER = YES;
				CLANG_WARN_RANGE_LOOP_ANALYSIS = YES;
				CLANG_WARN_STRICT_PROTOTYPES = YES;
				CLANG_WARN_SUSPICIOUS_MOVE = YES;
				CLANG_WARN_UNGUARDED_AVAILABILITY = YES_AGGRESSIVE;
				CLANG_WARN_UNREACHABLE_CODE = YES;
				CLANG_WARN__DUPLICATE_METHOD_MATCH = YES;
				COPY_PHASE_STRIP = NO;
				DEBUG_INFORMATION_FORMAT = dwarf;
				ENABLE_STRICT_OBJC_MSGSEND = YES;
				ENABLE_TESTABILITY = YES;
				ENABLE_USER_SCRIPT_SANDBOXING = YES;
				GCC_C_LANGUAGE_STANDARD = gnu17;
				GCC_DYNAMIC_NO_PIC = NO;
				GCC_NO_COMMON_BLOCKS = YES;
				GCC_OPTIMIZATION_LEVEL = 0;
				GCC_PREPROCESSOR_DEFINITIONS = (
					"DEBUG=1",
					"$(inherited)",
				);
				GCC_WARN_64_TO_32_BIT_CONVERSION = YES;
				GCC_WARN_ABOUT_RETURN_TYPE = YES_ERROR;
				GCC_WARN_UNDECLARED_SELECTOR = YES;
				GCC_WARN_UNINITIALIZED_AUTOS = YES_AGGRESSIVE;
				GCC_WARN_UNUSED_FUNCTION = YES;
				GCC_WARN_UNUSED_VARIABLE = YES;
				IPHONEOS_DEPLOYMENT_TARGET = 17.0;
				LOCALIZATION_PREFERS_STRING_CATALOGS = YES;
				MTL_ENABLE_DEBUG_INFO = INCLUDE_SOURCE;
				MTL_FAST_MATH = YES;
				ONLY_ACTIVE_ARCH = YES;
				SDKROOT = iphoneos;
				SWIFT_ACTIVE_COMPILATION_CONDITIONS = "DEBUG $(inherited)";
				SWIFT_OPTIMIZATION_LEVEL = "-Onone";
			};
			name = Debug;
		};
		9653C1722C83856100445EFF /* Release */ = {
			isa = XCBuildConfiguration;
			buildSettings = {
				ALWAYS_SEARCH_USER_PATHS = NO;
				ASSETCATALOG_COMPILER_GENERATE_SWIFT_ASSET_SYMBOL_EXTENSIONS = YES;
				CLANG_ANALYZER_NONNULL = YES;
				CLANG_ANALYZER_NUMBER_OBJECT_CONVERSION = YES_AGGRESSIVE;
				CLANG_CXX_LANGUAGE_STANDARD = "gnu++20";
				CLANG_ENABLE_MODULES = YES;
				CLANG_ENABLE_OBJC_ARC = YES;
				CLANG_ENABLE_OBJC_WEAK = YES;
				CLANG_WARN_BLOCK_CAPTURE_AUTORELEASING = YES;
				CLANG_WARN_BOOL_CONVERSION = YES;
				CLANG_WARN_COMMA = YES;
				CLANG_WARN_CONSTANT_CONVERSION = YES;
				CLANG_WARN_DEPRECATED_OBJC_IMPLEMENTATIONS = YES;
				CLANG_WARN_DIRECT_OBJC_ISA_USAGE = YES_ERROR;
				CLANG_WARN_DOCUMENTATION_COMMENTS = YES;
				CLANG_WARN_EMPTY_BODY = YES;
				CLANG_WARN_ENUM_CONVERSION = YES;
				CLANG_WARN_INFINITE_RECURSION = YES;
				CLANG_WARN_INT_CONVERSION = YES;
				CLANG_WARN_NON_LITERAL_NULL_CONVERSION = YES;
				CLANG_WARN_OBJC_IMPLICIT_RETAIN_SELF = YES;
				CLANG_WARN_OBJC_LITERAL_CONVERSION = YES;
				CLANG_WARN_OBJC_ROOT_CLASS = YES_ERROR;
				CLANG_WARN_QUOTED_INCLUDE_IN_FRAMEWORK_HEADER = YES;
				CLANG_WARN_RANGE_LOOP_ANALYSIS = YES;
				CLANG_WARN_STRICT_PROTOTYPES = YES;
				CLANG_WARN_SUSPICIOUS_MOVE = YES;
				CLANG_WARN_UNGUARDED_AVAILABILITY = YES_AGGRESSIVE;
				CLANG_WARN_UNREACHABLE_CODE = YES;
				CLANG_WARN__DUPLICATE_METHOD_MATCH = YES;
				COPY_PHASE_STRIP = NO;
				DEBUG_INFORMATION_FORMAT = "dwarf-with-dsym";
				ENABLE_NS_ASSERTIONS = NO;
				ENABLE_STRICT_OBJC_MSGSEND = YES;
				ENABLE_USER_SCRIPT_SANDBOXING = YES;
				GCC_C_LANGUAGE_STANDARD = gnu17;
				GCC_NO_COMMON_BLOCKS = YES;
				GCC_WARN_64_TO_32_BIT_CONVERSION = YES;
				GCC_WARN_ABOUT_RETURN_TYPE = YES_ERROR;
				GCC_WARN_UNDECLARED_SELECTOR = YES;
				GCC_WARN_UNINITIALIZED_AUTOS = YES_AGGRESSIVE;
				GCC_WARN_UNUSED_FUNCTION = YES;
				GCC_WARN_UNUSED_VARIABLE = YES;
				IPHONEOS_DEPLOYMENT_TARGET = 17.0;
				LOCALIZATION_PREFERS_STRING_CATALOGS = YES;
				MTL_ENABLE_DEBUG_INFO = NO;
				MTL_FAST_MATH = YES;
				SDKROOT = iphoneos;
				SWIFT_COMPILATION_MODE = wholemodule;
				VALIDATE_PRODUCT = YES;
			};
			name = Release;
		};
		9653C1742C83856100445EFF /* Debug */ = {
			isa = XCBuildConfiguration;
			buildSettings = {
				ASSETCATALOG_COMPILER_APPICON_NAME = AppIcon;
				ASSETCATALOG_COMPILER_GLOBAL_ACCENT_COLOR_NAME = AccentColor;
				CODE_SIGN_STYLE = Automatic;
				CURRENT_PROJECT_VERSION = 1;
				DEVELOPMENT_ASSET_PATHS = "\"instagramClone/Preview Content\"";
				ENABLE_PREVIEWS = YES;
				GENERATE_INFOPLIST_FILE = YES;
				INFOPLIST_KEY_UIApplicationSceneManifest_Generation = YES;
				INFOPLIST_KEY_UIApplicationSupportsIndirectInputEvents = YES;
				INFOPLIST_KEY_UILaunchScreen_Generation = YES;
				INFOPLIST_KEY_UISupportedInterfaceOrientations_iPad = "UIInterfaceOrientationPortrait UIInterfaceOrientationPortraitUpsideDown UIInterfaceOrientationLandscapeLeft UIInterfaceOrientationLandscapeRight";
				INFOPLIST_KEY_UISupportedInterfaceOrientations_iPhone = "UIInterfaceOrientationPortrait UIInterfaceOrientationLandscapeLeft UIInterfaceOrientationLandscapeRight";
				LD_RUNPATH_SEARCH_PATHS = (
					"$(inherited)",
					"@executable_path/Frameworks",
				);
				MARKETING_VERSION = 1.0;
				PRODUCT_BUNDLE_IDENTIFIER = kr.yeol.instagramClone;
				PRODUCT_NAME = "$(TARGET_NAME)";
				SWIFT_EMIT_LOC_STRINGS = YES;
				SWIFT_VERSION = 5.0;
				TARGETED_DEVICE_FAMILY = "1,2";
			};
			name = Debug;
		};
		9653C1752C83856100445EFF /* Release */ = {
			isa = XCBuildConfiguration;
			buildSettings = {
				ASSETCATALOG_COMPILER_APPICON_NAME = AppIcon;
				ASSETCATALOG_COMPILER_GLOBAL_ACCENT_COLOR_NAME = AccentColor;
				CODE_SIGN_STYLE = Automatic;
				CURRENT_PROJECT_VERSION = 1;
				DEVELOPMENT_ASSET_PATHS = "\"instagramClone/Preview Content\"";
				ENABLE_PREVIEWS = YES;
				GENERATE_INFOPLIST_FILE = YES;
				INFOPLIST_KEY_UIApplicationSceneManifest_Generation = YES;
				INFOPLIST_KEY_UIApplicationSupportsIndirectInputEvents = YES;
				INFOPLIST_KEY_UILaunchScreen_Generation = YES;
				INFOPLIST_KEY_UISupportedInterfaceOrientations_iPad = "UIInterfaceOrientationPortrait UIInterfaceOrientationPortraitUpsideDown UIInterfaceOrientationLandscapeLeft UIInterfaceOrientationLandscapeRight";
				INFOPLIST_KEY_UISupportedInterfaceOrientations_iPhone = "UIInterfaceOrientationPortrait UIInterfaceOrientationLandscapeLeft UIInterfaceOrientationLandscapeRight";
				LD_RUNPATH_SEARCH_PATHS = (
					"$(inherited)",
					"@executable_path/Frameworks",
				);
				MARKETING_VERSION = 1.0;
				PRODUCT_BUNDLE_IDENTIFIER = kr.yeol.instagramClone;
				PRODUCT_NAME = "$(TARGET_NAME)";
				SWIFT_EMIT_LOC_STRINGS = YES;
				SWIFT_VERSION = 5.0;
				TARGETED_DEVICE_FAMILY = "1,2";
			};
			name = Release;
		};
/* End XCBuildConfiguration section */

/* Begin XCConfigurationList section */
		9653C1602C83856000445EFF /* Build configuration list for PBXProject "instagramClone" */ = {
			isa = XCConfigurationList;
			buildConfigurations = (
				9653C1712C83856100445EFF /* Debug */,
				9653C1722C83856100445EFF /* Release */,
			);
			defaultConfigurationIsVisible = 0;
			defaultConfigurationName = Release;
		};
		9653C1732C83856100445EFF /* Build configuration list for PBXNativeTarget "instagramClone" */ = {
			isa = XCConfigurationList;
			buildConfigurations = (
				9653C1742C83856100445EFF /* Debug */,
				9653C1752C83856100445EFF /* Release */,
			);
			defaultConfigurationIsVisible = 0;
			defaultConfigurationName = Release;
		};
/* End XCConfigurationList section */

/* Begin XCRemoteSwiftPackageReference section */
		963A86482C8B932600FD687D /* XCRemoteSwiftPackageReference "firebase-ios-sdk" */ = {
			isa = XCRemoteSwiftPackageReference;
			repositoryURL = "https://github.com/firebase/firebase-ios-sdk";
			requirement = {
				kind = upToNextMajorVersion;
				minimumVersion = 11.1.0;
			};
		};
/* End XCRemoteSwiftPackageReference section */

/* Begin XCSwiftPackageProductDependency section */
		963A86492C8B932600FD687D /* FirebaseAuth */ = {
			isa = XCSwiftPackageProductDependency;
			package = 963A86482C8B932600FD687D /* XCRemoteSwiftPackageReference "firebase-ios-sdk" */;
			productName = FirebaseAuth;
		};
		963A864B2C8B932600FD687D /* FirebaseFirestore */ = {
			isa = XCSwiftPackageProductDependency;
			package = 963A86482C8B932600FD687D /* XCRemoteSwiftPackageReference "firebase-ios-sdk" */;
			productName = FirebaseFirestore;
		};
		963A864D2C8B932600FD687D /* FirebaseStorage */ = {
			isa = XCSwiftPackageProductDependency;
			package = 963A86482C8B932600FD687D /* XCRemoteSwiftPackageReference "firebase-ios-sdk" */;
			productName = FirebaseStorage;
		};
/* End XCSwiftPackageProductDependency section */
	};
	rootObject = 9653C15D2C83856000445EFF /* Project object */;
}
